
Microsoft Visual Studio Solution File, Format Version 12.00
# Visual Studio Version 16
VisualStudioVersion = 16.0.28711.60
MinimumVisualStudioVersion = 10.0.40219.1
Project("{FAE04EC0-301F-11D3-BF4B-00C04F79EFBC}") = "WebsiteBack", "WebsiteBack\WebsiteBack.csproj", "{4587B7C0-9474-40FC-8F40-A4615031F9D9}"
EndProject
Project("{FAE04EC0-301F-11D3-BF4B-00C04F79EFBC}") = "Entities", "Entities\Entities.csproj", "{14792728-CE4B-41CF-ACBB-4CDE23DE2490}"
EndProject
Project("{FAE04EC0-301F-11D3-BF4B-00C04F79EFBC}") = "Repository", "Repository\Repository.csproj", "{CAFE7EF2-DF4B-4F9F-AE7D-179E3EEBC880}"
EndProject
Global
	GlobalSection(SolutionConfigurationPlatforms) = preSolution
		Debug|Any CPU = Debug|Any CPU
		Release|Any CPU = Release|Any CPU
	EndGlobalSection
	GlobalSection(ProjectConfigurationPlatforms) = postSolution
		{4587B7C0-9474-40FC-8F40-A4615031F9D9}.Debug|Any CPU.ActiveCfg = Debug|Any CPU
		{4587B7C0-9474-40FC-8F40-A4615031F9D9}.Debug|Any CPU.Build.0 = Debug|Any CPU
		{4587B7C0-9474-40FC-8F40-A4615031F9D9}.Release|Any CPU.ActiveCfg = Release|Any CPU
		{4587B7C0-9474-40FC-8F40-A4615031F9D9}.Release|Any CPU.Build.0 = Release|Any CPU
		{14792728-CE4B-41CF-ACBB-4CDE23DE2490}.Debug|Any CPU.ActiveCfg = Debug|Any CPU
		{14792728-CE4B-41CF-ACBB-4CDE23DE2490}.Debug|Any CPU.Build.0 = Debug|Any CPU
		{14792728-CE4B-41CF-ACBB-4CDE23DE2490}.Release|Any CPU.ActiveCfg = Release|Any CPU
		{14792728-CE4B-41CF-ACBB-4CDE23DE2490}.Release|Any CPU.Build.0 = Release|Any CPU
		{CAFE7EF2-DF4B-4F9F-AE7D-179E3EEBC880}.Debug|Any CPU.ActiveCfg = Debug|Any CPU
		{CAFE7EF2-DF4B-4F9F-AE7D-179E3EEBC880}.Debug|Any CPU.Build.0 = Debug|Any CPU
		{CAFE7EF2-DF4B-4F9F-AE7D-179E3EEBC880}.Release|Any CPU.ActiveCfg = Release|Any CPU
		{CAFE7EF2-DF4B-4F9F-AE7D-179E3EEBC880}.Release|Any CPU.Build.0 = Release|Any CPU
	EndGlobalSection
	GlobalSection(SolutionProperties) = preSolution
		HideSolutionNode = FALSE
	EndGlobalSection
	GlobalSection(ExtensibilityGlobals) = postSolution
		SolutionGuid = {530C5345-499C-4791-B898-A80E5A8CEEB8}
	EndGlobalSection
EndGlobal
